# THIS IS AN AUTOGENERATED FILE. DO NOT EDIT THIS FILE DIRECTLY.
# yarn lockfile v1


abbrev@1:
  version "1.1.1"
  resolved "https://registry.yarnpkg.com/abbrev/-/abbrev-1.1.1.tgz#f8f2c887ad10bf67f634f005b6987fed3179aac8"

accepts@1.1.4, accepts@~1.1.3:
  version "1.1.4"
  resolved "https://registry.yarnpkg.com/accepts/-/accepts-1.1.4.tgz#d71c96f7d41d0feda2c38cd14e8a27c04158df4a"
  dependencies:
    mime-types "~2.0.4"
    negotiator "0.4.9"

after@0.8.1:
  version "0.8.1"
  resolved "https://registry.yarnpkg.com/after/-/after-0.8.1.tgz#ab5d4fb883f596816d3515f8f791c0af486dd627"

ansi-regex@^2.0.0:
  version "2.1.1"
  resolved "https://registry.yarnpkg.com/ansi-regex/-/ansi-regex-2.1.1.tgz#c3b33ab5ee360d86e0e628f0468ae7ef27d654df"

aproba@^1.0.3:
  version "1.2.0"
  resolved "https://registry.yarnpkg.com/aproba/-/aproba-1.2.0.tgz#6802e6264efd18c790a1b0d517f0f2627bf2c94a"

are-we-there-yet@~1.1.2:
  version "1.1.4"
  resolved "https://registry.yarnpkg.com/are-we-there-yet/-/are-we-there-yet-1.1.4.tgz#bb5dca382bb94f05e15194373d16fd3ba1ca110d"
  dependencies:
    delegates "^1.0.0"
    readable-stream "^2.0.6"

arraybuffer.slice@0.0.6:
  version "0.0.6"
  resolved "https://registry.yarnpkg.com/arraybuffer.slice/-/arraybuffer.slice-0.0.6.tgz#f33b2159f0532a3f3107a272c0ccfbd1ad2979ca"

backo2@1.0.2:
  version "1.0.2"
  resolved "https://registry.yarnpkg.com/backo2/-/backo2-1.0.2.tgz#31ab1ac8b129363463e35b3ebb69f4dfcfba7947"

balanced-match@^1.0.0:
  version "1.0.0"
  resolved "https://registry.yarnpkg.com/balanced-match/-/balanced-match-1.0.0.tgz#89b4d199ab2bee49de164ea02b89ce462d71b767"

base64-arraybuffer@0.1.2:
  version "0.1.2"
  resolved "https://registry.yarnpkg.com/base64-arraybuffer/-/base64-arraybuffer-0.1.2.tgz#474df4a9f2da24e05df3158c3b1db3c3cd46a154"

base64id@0.1.0:
  version "0.1.0"
  resolved "https://registry.yarnpkg.com/base64id/-/base64id-0.1.0.tgz#02ce0fdeee0cef4f40080e1e73e834f0b1bfce3f"

benchmark@1.0.0:
  version "1.0.0"
  resolved "https://registry.yarnpkg.com/benchmark/-/benchmark-1.0.0.tgz#2f1e2fa4c359f11122aa183082218e957e390c73"

better-assert@~1.0.0:
  version "1.0.2"
  resolved "https://registry.yarnpkg.com/better-assert/-/better-assert-1.0.2.tgz#40866b9e1b9e0b55b481894311e68faffaebc522"
  dependencies:
    callsite "1.0.0"

bindings@1.2.x, bindings@~1.2.1:
  version "1.2.1"
  resolved "https://registry.yarnpkg.com/bindings/-/bindings-1.2.1.tgz#14ad6113812d2d37d72e67b4cacb4bb726505f11"

blob@0.0.4:
  version "0.0.4"
  resolved "https://registry.yarnpkg.com/blob/-/blob-0.0.4.tgz#bcf13052ca54463f30f9fc7e95b9a47630a94921"

brace-expansion@^1.1.7:
  version "1.1.11"
  resolved "https://registry.yarnpkg.com/brace-expansion/-/brace-expansion-1.1.11.tgz#3c7fcbf529d87226f3d2f52b966ff5271eb441dd"
  dependencies:
    balanced-match "^1.0.0"
    concat-map "0.0.1"

bufferutil@1.2.x:
  version "1.2.1"
  resolved "https://registry.yarnpkg.com/bufferutil/-/bufferutil-1.2.1.tgz#37be5d36e1e06492221e68d474b1ac58e510cbd7"
  dependencies:
    bindings "1.2.x"
    nan "^2.0.5"

callsite@1.0.0:
  version "1.0.0"
  resolved "https://registry.yarnpkg.com/callsite/-/callsite-1.0.0.tgz#280398e5d664bd74038b6f0905153e6e8af1bc20"

chownr@^1.0.1:
  version "1.0.1"
  resolved "https://registry.yarnpkg.com/chownr/-/chownr-1.0.1.tgz#e2a75042a9551908bebd25b8523d5f9769d79181"

code-point-at@^1.0.0:
  version "1.1.0"
  resolved "https://registry.yarnpkg.com/code-point-at/-/code-point-at-1.1.0.tgz#0d070b4d043a5bea33a2f1a40e2edb3d9a4ccf77"

component-bind@1.0.0:
  version "1.0.0"
  resolved "https://registry.yarnpkg.com/component-bind/-/component-bind-1.0.0.tgz#00c608ab7dcd93897c0009651b1d3a8e1e73bbd1"

component-emitter@1.1.2:
  version "1.1.2"
  resolved "https://registry.yarnpkg.com/component-emitter/-/component-emitter-1.1.2.tgz#296594f2753daa63996d2af08d15a95116c9aec3"

component-emitter@1.2.0:
  version "1.2.0"
  resolved "https://registry.yarnpkg.com/component-emitter/-/component-emitter-1.2.0.tgz#ccd113a86388d06482d03de3fc7df98526ba8efe"

component-inherit@0.0.3:
  version "0.0.3"
  resolved "https://registry.yarnpkg.com/component-inherit/-/component-inherit-0.0.3.tgz#645fc4adf58b72b649d5cae65135619db26ff143"

concat-map@0.0.1:
  version "0.0.1"
  resolved "https://registry.yarnpkg.com/concat-map/-/concat-map-0.0.1.tgz#d8a96bd77fd68df7793a73036a3ba0d5405d477b"

console-control-strings@^1.0.0, console-control-strings@~1.1.0:
  version "1.1.0"
  resolved "https://registry.yarnpkg.com/console-control-strings/-/console-control-strings-1.1.0.tgz#3d7cf4464db6446ea644bf4b39507f9851008e8e"

content-disposition@0.5.0:
  version "0.5.0"
  resolved "https://registry.yarnpkg.com/content-disposition/-/content-disposition-0.5.0.tgz#4284fe6ae0630874639e44e80a418c2934135e9e"

cookie-signature@1.0.5:
  version "1.0.5"
  resolved "https://registry.yarnpkg.com/cookie-signature/-/cookie-signature-1.0.5.tgz#a122e3f1503eca0f5355795b0711bb2368d450f9"

cookie@0.1.2:
  version "0.1.2"
  resolved "https://registry.yarnpkg.com/cookie/-/cookie-0.1.2.tgz#72fec3d24e48a3432073d90c12642005061004b1"

core-util-is@~1.0.0:
  version "1.0.2"
  resolved "https://registry.yarnpkg.com/core-util-is/-/core-util-is-1.0.2.tgz#b5fd54220aa2bc5ab57aab7140c940754503c1a7"

crc@3.2.1:
  version "3.2.1"
  resolved "https://registry.yarnpkg.com/crc/-/crc-3.2.1.tgz#5d9c8fb77a245cd5eca291e5d2d005334bab0082"

debug@0.7.4:
  version "0.7.4"
  resolved "https://registry.yarnpkg.com/debug/-/debug-0.7.4.tgz#06e1ea8082c2cb14e39806e22e2f6f757f92af39"

debug@2.2.0:
  version "2.2.0"
  resolved "https://registry.yarnpkg.com/debug/-/debug-2.2.0.tgz#f87057e995b1a1f6ae6a4960664137bc56f039da"
  dependencies:
    ms "0.7.1"

debug@^2.1.2:
  version "2.6.9"
  resolved "https://registry.yarnpkg.com/debug/-/debug-2.6.9.tgz#5d128515df134ff327e90a4c93f4e077a536341f"
  dependencies:
    ms "2.0.0"

debug@~2.1.0:
  version "2.1.3"
  resolved "https://registry.yarnpkg.com/debug/-/debug-2.1.3.tgz#ce8ab1b5ee8fbee2bfa3b633cab93d366b63418e"
  dependencies:
    ms "0.7.0"

deep-extend@~0.4.0:
  version "0.4.2"
  resolved "https://registry.yarnpkg.com/deep-extend/-/deep-extend-0.4.2.tgz#48b699c27e334bf89f10892be432f6e4c7d34a7f"

delegates@^1.0.0:
  version "1.0.0"
  resolved "https://registry.yarnpkg.com/delegates/-/delegates-1.0.0.tgz#84c6e159b81904fdca59a0ef44cd870d31250f9a"

depd@~1.0.0:
  version "1.0.1"
  resolved "https://registry.yarnpkg.com/depd/-/depd-1.0.1.tgz#80aec64c9d6d97e65cc2a9caa93c0aa6abf73aaa"

destroy@1.0.3:
  version "1.0.3"
  resolved "https://registry.yarnpkg.com/destroy/-/destroy-1.0.3.tgz#b433b4724e71fd8551d9885174851c5fc377e2c9"

detect-libc@^1.0.2:
  version "1.0.3"
  resolved "https://registry.yarnpkg.com/detect-libc/-/detect-libc-1.0.3.tgz#fa137c4bd698edf55cd5cd02ac559f91a4c4ba9b"

ee-first@1.1.0:
  version "1.1.0"
  resolved "https://registry.yarnpkg.com/ee-first/-/ee-first-1.1.0.tgz#6a0d7c6221e490feefd92ec3f441c9ce8cd097f4"

engine.io-client@1.6.4:
  version "1.6.4"
  resolved "https://registry.yarnpkg.com/engine.io-client/-/engine.io-client-1.6.4.tgz#20aaf5c5580115697331cc08cdda750c5e0bc5bf"
  dependencies:
    component-emitter "1.1.2"
    component-inherit "0.0.3"
    debug "2.2.0"
    engine.io-parser "1.2.4"
    has-cors "1.1.0"
    indexof "0.0.1"
    parsejson "0.0.1"
    parseqs "0.0.2"
    parseuri "0.0.4"
    ws "0.8.1"
    xmlhttprequest-ssl "1.5.1"
    yeast "0.1.2"

engine.io-parser@1.2.4:
  version "1.2.4"
  resolved "https://registry.yarnpkg.com/engine.io-parser/-/engine.io-parser-1.2.4.tgz#e0897b0bf14e792d4cd2a5950553919c56948c42"
  dependencies:
    after "0.8.1"
    arraybuffer.slice "0.0.6"
    base64-arraybuffer "0.1.2"
    blob "0.0.4"
    has-binary "0.1.6"
    utf8 "2.1.0"

engine.io@1.6.5:
  version "1.6.5"
  resolved "https://registry.yarnpkg.com/engine.io/-/engine.io-1.6.5.tgz#b276381a89c88a580127bdfb51ccfb8c086f51bb"
  dependencies:
    accepts "1.1.4"
    base64id "0.1.0"
    debug "2.2.0"
    engine.io-parser "1.2.4"
    ws "1.0.1"

escape-html@1.0.1:
  version "1.0.1"
  resolved "https://registry.yarnpkg.com/escape-html/-/escape-html-1.0.1.tgz#181a286ead397a39a92857cfb1d43052e356bff0"

etag@~1.5.0:
  version "1.5.1"
  resolved "https://registry.yarnpkg.com/etag/-/etag-1.5.1.tgz#54c50de04ee42695562925ac566588291be7e9ea"
  dependencies:
    crc "3.2.1"

express@4.10.2:
  version "4.10.2"
  resolved "https://registry.yarnpkg.com/express/-/express-4.10.2.tgz#df06dde94d968932829d440a2004c5efe64495b0"
  dependencies:
    accepts "~1.1.3"
    content-disposition "0.5.0"
    cookie "0.1.2"
    cookie-signature "1.0.5"
    debug "~2.1.0"
    depd "~1.0.0"
    escape-html "1.0.1"
    etag "~1.5.0"
    finalhandler "0.3.2"
    fresh "0.2.4"
    media-typer "0.3.0"
    merge-descriptors "0.0.2"
    methods "1.1.0"
    on-finished "~2.1.1"
    parseurl "~1.3.0"
    path-to-regexp "0.1.3"
    proxy-addr "~1.0.3"
    qs "2.3.2"
    range-parser "~1.0.2"
    send "0.10.1"
    serve-static "~1.7.1"
    type-is "~1.5.3"
    utils-merge "1.0.0"
    vary "~1.0.0"

finalhandler@0.3.2:
  version "0.3.2"
  resolved "https://registry.yarnpkg.com/finalhandler/-/finalhandler-0.3.2.tgz#7b389b0fd3647a6f90bd564e22624bf8a4a77fb5"
  dependencies:
    debug "~2.1.0"
    escape-html "1.0.1"
    on-finished "~2.1.1"

forwarded@~0.1.0:
  version "0.1.2"
  resolved "https://registry.yarnpkg.com/forwarded/-/forwarded-0.1.2.tgz#98c23dab1175657b8c0573e8ceccd91b0ff18c84"

fresh@0.2.4:
  version "0.2.4"
  resolved "https://registry.yarnpkg.com/fresh/-/fresh-0.2.4.tgz#3582499206c9723714190edd74b4604feb4a614c"

fs-minipass@^1.2.3:
  version "1.2.5"
  resolved "https://registry.yarnpkg.com/fs-minipass/-/fs-minipass-1.2.5.tgz#06c277218454ec288df77ada54a03b8702aacb9d"
  dependencies:
    minipass "^2.2.1"

fs.realpath@^1.0.0:
  version "1.0.0"
  resolved "https://registry.yarnpkg.com/fs.realpath/-/fs.realpath-1.0.0.tgz#1504ad2523158caa40db4a2787cb01411994ea4f"

gauge@~2.7.3:
  version "2.7.4"
  resolved "https://registry.yarnpkg.com/gauge/-/gauge-2.7.4.tgz#2c03405c7538c39d7eb37b317022e325fb018bf7"
  dependencies:
    aproba "^1.0.3"
    console-control-strings "^1.0.0"
    has-unicode "^2.0.0"
    object-assign "^4.1.0"
    signal-exit "^3.0.0"
    string-width "^1.0.1"
    strip-ansi "^3.0.1"
    wide-align "^1.1.0"

glob@^7.0.5:
  version "7.1.2"
  resolved "https://registry.yarnpkg.com/glob/-/glob-7.1.2.tgz#c19c9df9a028702d678612384a6552404c636d15"
  dependencies:
    fs.realpath "^1.0.0"
    inflight "^1.0.4"
    inherits "2"
    minimatch "^3.0.4"
    once "^1.3.0"
    path-is-absolute "^1.0.0"

has-binary@0.1.6:
  version "0.1.6"
  resolved "https://registry.yarnpkg.com/has-binary/-/has-binary-0.1.6.tgz#25326f39cfa4f616ad8787894e3af2cfbc7b6e10"
  dependencies:
    isarray "0.0.1"

has-binary@0.1.7:
  version "0.1.7"
  resolved "https://registry.yarnpkg.com/has-binary/-/has-binary-0.1.7.tgz#68e61eb16210c9545a0a5cce06a873912fe1e68c"
  dependencies:
    isarray "0.0.1"

has-cors@1.1.0:
  version "1.1.0"
  resolved "https://registry.yarnpkg.com/has-cors/-/has-cors-1.1.0.tgz#5e474793f7ea9843d1bb99c23eef49ff126fff39"

has-unicode@^2.0.0:
  version "2.0.1"
  resolved "https://registry.yarnpkg.com/has-unicode/-/has-unicode-2.0.1.tgz#e0e6fe6a28cf51138855e086d1691e771de2a8b9"

iconv-lite@^0.4.4:
  version "0.4.19"
  resolved "https://registry.yarnpkg.com/iconv-lite/-/iconv-lite-0.4.19.tgz#f7468f60135f5e5dad3399c0a81be9a1603a082b"

ignore-walk@^3.0.1:
  version "3.0.1"
  resolved "https://registry.yarnpkg.com/ignore-walk/-/ignore-walk-3.0.1.tgz#a83e62e7d272ac0e3b551aaa82831a19b69f82f8"
  dependencies:
    minimatch "^3.0.4"

indexof@0.0.1:
  version "0.0.1"
  resolved "https://registry.yarnpkg.com/indexof/-/indexof-0.0.1.tgz#82dc336d232b9062179d05ab3293a66059fd435d"

inflight@^1.0.4:
  version "1.0.6"
  resolved "https://registry.yarnpkg.com/inflight/-/inflight-1.0.6.tgz#49bd6331d7d02d0c09bc910a1075ba8165b56df9"
  dependencies:
    once "^1.3.0"
    wrappy "1"

inherits@2, inherits@~2.0.3:
  version "2.0.3"
  resolved "https://registry.yarnpkg.com/inherits/-/inherits-2.0.3.tgz#633c2c83e3da42a502f52466022480f4208261de"

ini@~1.3.0:
  version "1.3.5"
  resolved "https://registry.yarnpkg.com/ini/-/ini-1.3.5.tgz#eee25f56db1c9ec6085e0c22778083f596abf927"

ipaddr.js@1.0.5:
  version "1.0.5"
  resolved "https://registry.yarnpkg.com/ipaddr.js/-/ipaddr.js-1.0.5.tgz#5fa78cf301b825c78abc3042d812723049ea23c7"

is-fullwidth-code-point@^1.0.0:
  version "1.0.0"
  resolved "https://registry.yarnpkg.com/is-fullwidth-code-point/-/is-fullwidth-code-point-1.0.0.tgz#ef9e31386f031a7f0d643af82fde50c457ef00cb"
  dependencies:
    number-is-nan "^1.0.0"

isarray@0.0.1:
  version "0.0.1"
  resolved "https://registry.yarnpkg.com/isarray/-/isarray-0.0.1.tgz#8a18acfca9a8f4177e09abfc6038939b05d1eedf"

isarray@~1.0.0:
  version "1.0.0"
  resolved "https://registry.yarnpkg.com/isarray/-/isarray-1.0.0.tgz#bb935d48582cba168c06834957a54a3e07124f11"

json3@3.2.6:
  version "3.2.6"
  resolved "https://registry.yarnpkg.com/json3/-/json3-3.2.6.tgz#f6efc93c06a04de9aec53053df2559bb19e2038b"

json3@3.3.2:
  version "3.3.2"
  resolved "https://registry.yarnpkg.com/json3/-/json3-3.3.2.tgz#3c0434743df93e2f5c42aee7b19bcb483575f4e1"

media-typer@0.3.0:
  version "0.3.0"
  resolved "https://registry.yarnpkg.com/media-typer/-/media-typer-0.3.0.tgz#8710d7af0aa626f8fffa1ce00168545263255748"

merge-descriptors@0.0.2:
  version "0.0.2"
  resolved "https://registry.yarnpkg.com/merge-descriptors/-/merge-descriptors-0.0.2.tgz#c36a52a781437513c57275f39dd9d317514ac8c7"

methods@1.1.0:
  version "1.1.0"
  resolved "https://registry.yarnpkg.com/methods/-/methods-1.1.0.tgz#5dca4ee12df52ff3b056145986a8f01cbc86436f"

mime-db@~1.12.0:
  version "1.12.0"
  resolved "https://registry.yarnpkg.com/mime-db/-/mime-db-1.12.0.tgz#3d0c63180f458eb10d325aaa37d7c58ae312e9d7"

mime-types@~2.0.4, mime-types@~2.0.9:
  version "2.0.14"
  resolved "https://registry.yarnpkg.com/mime-types/-/mime-types-2.0.14.tgz#310e159db23e077f8bb22b748dabfa4957140aa6"
  dependencies:
    mime-db "~1.12.0"

mime@1.2.11:
  version "1.2.11"
  resolved "https://registry.yarnpkg.com/mime/-/mime-1.2.11.tgz#58203eed86e3a5ef17aed2b7d9ebd47f0a60dd10"

minimatch@^3.0.4:
  version "3.0.4"
  resolved "https://registry.yarnpkg.com/minimatch/-/minimatch-3.0.4.tgz#5166e286457f03306064be5497e8dbb0c3d32083"
  dependencies:
    brace-expansion "^1.1.7"

minimist@0.0.8:
  version "0.0.8"
  resolved "https://registry.yarnpkg.com/minimist/-/minimist-0.0.8.tgz#857fcabfc3397d2625b8228262e86aa7a011b05d"

minimist@^1.2.0:
  version "1.2.0"
  resolved "https://registry.yarnpkg.com/minimist/-/minimist-1.2.0.tgz#a35008b20f41383eec1fb914f4cd5df79a264284"

minipass@^2.2.1:
  version "2.2.1"
  resolved "https://registry.yarnpkg.com/minipass/-/minipass-2.2.1.tgz#5ada97538b1027b4cf7213432428578cb564011f"
  dependencies:
    yallist "^3.0.0"

minizlib@^1.1.0:
  version "1.1.0"
  resolved "https://registry.yarnpkg.com/minizlib/-/minizlib-1.1.0.tgz#11e13658ce46bc3a70a267aac58359d1e0c29ceb"
  dependencies:
    minipass "^2.2.1"

mkdirp@^0.5.0, mkdirp@^0.5.1:
  version "0.5.1"
  resolved "https://registry.yarnpkg.com/mkdirp/-/mkdirp-0.5.1.tgz#30057438eac6cf7f8c4767f38648d6697d75c903"
  dependencies:
    minimist "0.0.8"

ms@0.6.2:
  version "0.6.2"
  resolved "https://registry.yarnpkg.com/ms/-/ms-0.6.2.tgz#d89c2124c6fdc1353d65a8b77bf1aac4b193708c"

ms@0.7.0:
  version "0.7.0"
  resolved "https://registry.yarnpkg.com/ms/-/ms-0.7.0.tgz#865be94c2e7397ad8a57da6a633a6e2f30798b83"

ms@0.7.1:
  version "0.7.1"
  resolved "https://registry.yarnpkg.com/ms/-/ms-0.7.1.tgz#9cd13c03adbff25b65effde7ce864ee952017098"

ms@2.0.0:
  version "2.0.0"
  resolved "https://registry.yarnpkg.com/ms/-/ms-2.0.0.tgz#5608aeadfc00be6c2901df5f9861788de0d597c8"

nan@^2.0.5, nan@~2.9.2:
  version "2.9.2"
  resolved "https://registry.yarnpkg.com/nan/-/nan-2.9.2.tgz#f564d75f5f8f36a6d9456cca7a6c4fe488ab7866"

nan@~2.4.0:
  version "2.4.0"
  resolved "https://registry.yarnpkg.com/nan/-/nan-2.4.0.tgz#fb3c59d45fe4effe215f0b890f8adf6eb32d2232"

needle@^2.2.0:
  version "2.2.0"
  resolved "https://registry.yarnpkg.com/needle/-/needle-2.2.0.tgz#f14efc69cee1024b72c8b21c7bdf94a731dc12fa"
  dependencies:
    debug "^2.1.2"
    iconv-lite "^0.4.4"
    sax "^1.2.4"

negotiator@0.4.9:
  version "0.4.9"
  resolved "https://registry.yarnpkg.com/negotiator/-/negotiator-0.4.9.tgz#92e46b6db53c7e421ed64a2bc94f08be7630df3f"

node-pre-gyp@~0.9.0:
  version "0.9.0"
  resolved "https://registry.yarnpkg.com/node-pre-gyp/-/node-pre-gyp-0.9.0.tgz#bdd4c3afac9b1b1ebff0a9ff3362859eb6781bb8"
  dependencies:
    detect-libc "^1.0.2"
    mkdirp "^0.5.1"
    needle "^2.2.0"
    nopt "^4.0.1"
    npm-packlist "^1.1.6"
    npmlog "^4.0.2"
    rc "^1.1.7"
    rimraf "^2.6.1"
    semver "^5.3.0"
    tar "^4"

nopt@^4.0.1:
  version "4.0.1"
  resolved "https://registry.yarnpkg.com/nopt/-/nopt-4.0.1.tgz#d0d4685afd5415193c8c7505602d0d17cd64474d"
  dependencies:
    abbrev "1"
    osenv "^0.1.4"

npm-bundled@^1.0.1:
  version "1.0.3"
  resolved "https://registry.yarnpkg.com/npm-bundled/-/npm-bundled-1.0.3.tgz#7e71703d973af3370a9591bafe3a63aca0be2308"

npm-packlist@^1.1.6:
  version "1.1.10"
  resolved "https://registry.yarnpkg.com/npm-packlist/-/npm-packlist-1.1.10.tgz#1039db9e985727e464df066f4cf0ab6ef85c398a"
  dependencies:
    ignore-walk "^3.0.1"
    npm-bundled "^1.0.1"

npmlog@^4.0.2:
  version "4.1.2"
  resolved "https://registry.yarnpkg.com/npmlog/-/npmlog-4.1.2.tgz#08a7f2a8bf734604779a9efa4ad5cc717abb954b"
  dependencies:
    are-we-there-yet "~1.1.2"
    console-control-strings "~1.1.0"
    gauge "~2.7.3"
    set-blocking "~2.0.0"

number-is-nan@^1.0.0:
  version "1.0.1"
  resolved "https://registry.yarnpkg.com/number-is-nan/-/number-is-nan-1.0.1.tgz#097b602b53422a522c1afb8790318336941a011d"

object-assign@^4.1.0:
  version "4.1.1"
  resolved "https://registry.yarnpkg.com/object-assign/-/object-assign-4.1.1.tgz#2109adc7965887cfc05cbbd442cac8bfbb360863"

object-component@0.0.3:
  version "0.0.3"
  resolved "https://registry.yarnpkg.com/object-component/-/object-component-0.0.3.tgz#f0c69aa50efc95b866c186f400a33769cb2f1291"

on-finished@~2.1.1:
  version "2.1.1"
  resolved "https://registry.yarnpkg.com/on-finished/-/on-finished-2.1.1.tgz#f82ca1c9e3a4f3286b1b9938610e5b8636bd3cb2"
  dependencies:
    ee-first "1.1.0"

once@^1.3.0:
  version "1.4.0"
  resolved "https://registry.yarnpkg.com/once/-/once-1.4.0.tgz#583b1aa775961d4b113ac17d9c50baef9dd76bd1"
  dependencies:
    wrappy "1"

options@>=0.0.5:
  version "0.0.6"
  resolved "https://registry.yarnpkg.com/options/-/options-0.0.6.tgz#ec22d312806bb53e731773e7cdaefcf1c643128f"

os-homedir@^1.0.0:
  version "1.0.2"
  resolved "https://registry.yarnpkg.com/os-homedir/-/os-homedir-1.0.2.tgz#ffbc4988336e0e833de0c168c7ef152121aa7fb3"

os-tmpdir@^1.0.0:
  version "1.0.2"
  resolved "https://registry.yarnpkg.com/os-tmpdir/-/os-tmpdir-1.0.2.tgz#bbe67406c79aa85c5cfec766fe5734555dfa1274"

osenv@^0.1.4:
  version "0.1.5"
  resolved "https://registry.yarnpkg.com/osenv/-/osenv-0.1.5.tgz#85cdfafaeb28e8677f416e287592b5f3f49ea410"
  dependencies:
    os-homedir "^1.0.0"
    os-tmpdir "^1.0.0"

parsejson@0.0.1:
  version "0.0.1"
  resolved "https://registry.yarnpkg.com/parsejson/-/parsejson-0.0.1.tgz#9b10c6c0d825ab589e685153826de0a3ba278bcc"
  dependencies:
    better-assert "~1.0.0"

parseqs@0.0.2:
  version "0.0.2"
  resolved "https://registry.yarnpkg.com/parseqs/-/parseqs-0.0.2.tgz#9dfe70b2cddac388bde4f35b1f240fa58adbe6c7"
  dependencies:
    better-assert "~1.0.0"

parseuri@0.0.4:
  version "0.0.4"
  resolved "https://registry.yarnpkg.com/parseuri/-/parseuri-0.0.4.tgz#806582a39887e1ea18dd5e2fe0e01902268e9350"
  dependencies:
    better-assert "~1.0.0"

parseurl@~1.3.0:
  version "1.3.2"
  resolved "https://registry.yarnpkg.com/parseurl/-/parseurl-1.3.2.tgz#fc289d4ed8993119460c156253262cdc8de65bf3"

path-is-absolute@^1.0.0:
  version "1.0.1"
  resolved "https://registry.yarnpkg.com/path-is-absolute/-/path-is-absolute-1.0.1.tgz#174b9268735534ffbc7ace6bf53a5a9e1b5c5f5f"

path-to-regexp@0.1.3:
  version "0.1.3"
  resolved "https://registry.yarnpkg.com/path-to-regexp/-/path-to-regexp-0.1.3.tgz#21b9ab82274279de25b156ea08fd12ca51b8aecb"

process-nextick-args@~2.0.0:
  version "2.0.0"
  resolved "https://registry.yarnpkg.com/process-nextick-args/-/process-nextick-args-2.0.0.tgz#a37d732f4271b4ab1ad070d35508e8290788ffaa"

proxy-addr@~1.0.3:
  version "1.0.10"
  resolved "https://registry.yarnpkg.com/proxy-addr/-/proxy-addr-1.0.10.tgz#0d40a82f801fc355567d2ecb65efe3f077f121c5"
  dependencies:
    forwarded "~0.1.0"
    ipaddr.js "1.0.5"

qs@2.3.2:
  version "2.3.2"
  resolved "https://registry.yarnpkg.com/qs/-/qs-2.3.2.tgz#d45ec249e4b9b029af008829a101d5ff7e972790"

range-parser@~1.0.2:
  version "1.0.3"
  resolved "https://registry.yarnpkg.com/range-parser/-/range-parser-1.0.3.tgz#6872823535c692e2c2a0103826afd82c2e0ff175"

rc@^1.1.7:
  version "1.2.6"
  resolved "https://registry.yarnpkg.com/rc/-/rc-1.2.6.tgz#eb18989c6d4f4f162c399f79ddd29f3835568092"
  dependencies:
    deep-extend "~0.4.0"
    ini "~1.3.0"
    minimist "^1.2.0"
    strip-json-comments "~2.0.1"

readable-stream@^2.0.6:
  version "2.3.5"
  resolved "https://registry.yarnpkg.com/readable-stream/-/readable-stream-2.3.5.tgz#b4f85003a938cbb6ecbce2a124fb1012bd1a838d"
  dependencies:
    core-util-is "~1.0.0"
    inherits "~2.0.3"
    isarray "~1.0.0"
    process-nextick-args "~2.0.0"
    safe-buffer "~5.1.1"
    string_decoder "~1.0.3"
    util-deprecate "~1.0.1"

rimraf@^2.6.1:
  version "2.6.2"
  resolved "https://registry.yarnpkg.com/rimraf/-/rimraf-2.6.2.tgz#2ed8150d24a16ea8651e6d6ef0f47c4158ce7a36"
  dependencies:
    glob "^7.0.5"

safe-buffer@~5.1.0, safe-buffer@~5.1.1:
  version "5.1.1"
  resolved "https://registry.yarnpkg.com/safe-buffer/-/safe-buffer-5.1.1.tgz#893312af69b2123def71f57889001671eeb2c853"

sax@^1.2.4:
  version "1.2.4"
  resolved "https://registry.yarnpkg.com/sax/-/sax-1.2.4.tgz#2816234e2378bddc4e5354fab5caa895df7100d9"

semver@^5.3.0:
  version "5.5.0"
  resolved "https://registry.yarnpkg.com/semver/-/semver-5.5.0.tgz#dc4bbc7a6ca9d916dee5d43516f0092b58f7b8ab"

send@0.10.1:
  version "0.10.1"
  resolved "https://registry.yarnpkg.com/send/-/send-0.10.1.tgz#7745c50ec72f115115980e8fb179aec01900e08a"
  dependencies:
    debug "~2.1.0"
    depd "~1.0.0"
    destroy "1.0.3"
    escape-html "1.0.1"
    etag "~1.5.0"
    fresh "0.2.4"
    mime "1.2.11"
    ms "0.6.2"
    on-finished "~2.1.1"
    range-parser "~1.0.2"

serve-static@~1.7.1:
  version "1.7.2"
  resolved "https://registry.yarnpkg.com/serve-static/-/serve-static-1.7.2.tgz#3164ce06d4e6c3459bdcc9d6018fb4fb35e84b39"
  dependencies:
    escape-html "1.0.1"
    parseurl "~1.3.0"
    send "0.10.1"
    utils-merge "1.0.0"

set-blocking@~2.0.0:
  version "2.0.0"
  resolved "https://registry.yarnpkg.com/set-blocking/-/set-blocking-2.0.0.tgz#045f9782d011ae9a6803ddd382b24392b3d890f7"

signal-exit@^3.0.0:
  version "3.0.2"
  resolved "https://registry.yarnpkg.com/signal-exit/-/signal-exit-3.0.2.tgz#b5fdc08f1287ea1178628e415e25132b73646c6d"

socket.io-adapter@0.4.0:
  version "0.4.0"
  resolved "https://registry.yarnpkg.com/socket.io-adapter/-/socket.io-adapter-0.4.0.tgz#fb9f82ab1aa65290bf72c3657955b930a991a24f"
  dependencies:
    debug "2.2.0"
    socket.io-parser "2.2.2"

socket.io-client@1.4.0:
  version "1.4.0"
  resolved "https://registry.yarnpkg.com/socket.io-client/-/socket.io-client-1.4.0.tgz#4589f6151f75de1c84dec8c7e9720f92ad3ddc0c"
  dependencies:
    backo2 "1.0.2"
    component-bind "1.0.0"
    component-emitter "1.2.0"
    debug "2.2.0"
    engine.io-client "1.6.4"
    has-binary "0.1.7"
    indexof "0.0.1"
    object-component "0.0.3"
    parseuri "0.0.4"
    socket.io-parser "2.2.5"
    to-array "0.1.3"

socket.io-parser@2.2.2:
  version "2.2.2"
  resolved "https://registry.yarnpkg.com/socket.io-parser/-/socket.io-parser-2.2.2.tgz#3d7af6b64497e956b7d9fe775f999716027f9417"
  dependencies:
    benchmark "1.0.0"
    component-emitter "1.1.2"
    debug "0.7.4"
    isarray "0.0.1"
    json3 "3.2.6"

socket.io-parser@2.2.5:
  version "2.2.5"
  resolved "https://registry.yarnpkg.com/socket.io-parser/-/socket.io-parser-2.2.5.tgz#8d945b6da2158bafaf04f4e9c77c573b44cde52c"
  dependencies:
    benchmark "1.0.0"
    component-emitter "1.1.2"
    debug "2.2.0"
    isarray "0.0.1"
    json3 "3.3.2"

socket.io-parser@2.2.6:
  version "2.2.6"
  resolved "https://registry.yarnpkg.com/socket.io-parser/-/socket.io-parser-2.2.6.tgz#38dfd61df50dcf8ab1d9e2091322bf902ba28b99"
  dependencies:
    benchmark "1.0.0"
    component-emitter "1.1.2"
    debug "2.2.0"
    isarray "0.0.1"
    json3 "3.3.2"

socket.io@1.4.0:
  version "1.4.0"
  resolved "https://registry.yarnpkg.com/socket.io/-/socket.io-1.4.0.tgz#d3009f29c088b56873414693c1cb7d9eed62db26"
  dependencies:
    debug "2.2.0"
    engine.io "1.6.5"
    has-binary "0.1.7"
    socket.io-adapter "0.4.0"
    socket.io-client "1.4.0"
    socket.io-parser "2.2.6"

sqlite3@^4.0.0:
  version "4.0.0"
  resolved "https://registry.yarnpkg.com/sqlite3/-/sqlite3-4.0.0.tgz#cc0e093ab51873f50d9dfc4126fcbef15d486570"
  dependencies:
    nan "~2.9.2"
    node-pre-gyp "~0.9.0"

string-width@^1.0.1, string-width@^1.0.2:
  version "1.0.2"
  resolved "https://registry.yarnpkg.com/string-width/-/string-width-1.0.2.tgz#118bdf5b8cdc51a2a7e70d211e07e2b0b9b107d3"
  dependencies:
    code-point-at "^1.0.0"
    is-fullwidth-code-point "^1.0.0"
    strip-ansi "^3.0.0"

string_decoder@~1.0.3:
  version "1.0.3"
  resolved "https://registry.yarnpkg.com/string_decoder/-/string_decoder-1.0.3.tgz#0fc67d7c141825de94282dd536bec6b9bce860ab"
  dependencies:
    safe-buffer "~5.1.0"

strip-ansi@^3.0.0, strip-ansi@^3.0.1:
  version "3.0.1"
  resolved "https://registry.yarnpkg.com/strip-ansi/-/strip-ansi-3.0.1.tgz#6a385fb8853d952d5ff05d0e8aaf94278dc63dcf"
  dependencies:
    ansi-regex "^2.0.0"

strip-json-comments@~2.0.1:
  version "2.0.1"
  resolved "https://registry.yarnpkg.com/strip-json-comments/-/strip-json-comments-2.0.1.tgz#3c531942e908c2697c0ec344858c286c7ca0a60a"

tar@^4:
  version "4.4.0"
  resolved "https://registry.yarnpkg.com/tar/-/tar-4.4.0.tgz#3aaf8c29b6b800a8215f33efb4df1c95ce2ac2f5"
  dependencies:
    chownr "^1.0.1"
    fs-minipass "^1.2.3"
    minipass "^2.2.1"
    minizlib "^1.1.0"
    mkdirp "^0.5.0"
    yallist "^3.0.2"

to-array@0.1.3:
  version "0.1.3"
  resolved "https://registry.yarnpkg.com/to-array/-/to-array-0.1.3.tgz#d45dadc6363417f60f28474fea50ecddbb4f4991"

type-is@~1.5.3:
  version "1.5.7"
  resolved "https://registry.yarnpkg.com/type-is/-/type-is-1.5.7.tgz#b9368a593cc6ef7d0645e78b2f4c64cbecd05e90"
  dependencies:
    media-typer "0.3.0"
    mime-types "~2.0.9"

ultron@1.0.x:
  version "1.0.2"
  resolved "https://registry.yarnpkg.com/ultron/-/ultron-1.0.2.tgz#ace116ab557cd197386a4e88f4685378c8b2e4fa"

utf-8-validate@1.2.x:
  version "1.2.2"
  resolved "https://registry.yarnpkg.com/utf-8-validate/-/utf-8-validate-1.2.2.tgz#8bb871a4741e085c70487ca7acdbd7d6d36029eb"
  dependencies:
    bindings "~1.2.1"
    nan "~2.4.0"

utf8@2.1.0:
  version "2.1.0"
  resolved "https://registry.yarnpkg.com/utf8/-/utf8-2.1.0.tgz#0cfec5c8052d44a23e3aaa908104e8075f95dfd5"

util-deprecate@~1.0.1:
  version "1.0.2"
  resolved "https://registry.yarnpkg.com/util-deprecate/-/util-deprecate-1.0.2.tgz#450d4dc9fa70de732762fbd2d4a28981419a0ccf"

utils-merge@1.0.0:
  version "1.0.0"
  resolved "https://registry.yarnpkg.com/utils-merge/-/utils-merge-1.0.0.tgz#0294fb922bb9375153541c4f7096231f287c8af8"

vary@~1.0.0:
  version "1.0.1"
  resolved "https://registry.yarnpkg.com/vary/-/vary-1.0.1.tgz#99e4981566a286118dfb2b817357df7993376d10"

wide-align@^1.1.0:
  version "1.1.2"
  resolved "https://registry.yarnpkg.com/wide-align/-/wide-align-1.1.2.tgz#571e0f1b0604636ebc0dfc21b0339bbe31341710"
  dependencies:
    string-width "^1.0.2"

wrappy@1:
  version "1.0.2"
  resolved "https://registry.yarnpkg.com/wrappy/-/wrappy-1.0.2.tgz#b5243d8f3ec1aa35f1364605bc0d1036e30ab69f"

ws@0.8.1:
  version "0.8.1"
  resolved "https://registry.yarnpkg.com/ws/-/ws-0.8.1.tgz#6b65273b99193c5f067a4cf5809598f777e3b759"
  dependencies:
    options ">=0.0.5"
    ultron "1.0.x"
  optionalDependencies:
    bufferutil "1.2.x"
    utf-8-validate "1.2.x"

ws@1.0.1:
  version "1.0.1"
  resolved "https://registry.yarnpkg.com/ws/-/ws-1.0.1.tgz#7d0b2a2e58cddd819039c29c9de65045e1b310e9"
  dependencies:
    options ">=0.0.5"
    ultron "1.0.x"

xmlhttprequest-ssl@1.5.1:
  version "1.5.1"
  resolved "https://registry.yarnpkg.com/xmlhttprequest-ssl/-/xmlhttprequest-ssl-1.5.1.tgz#3b7741fea4a86675976e908d296d4445961faa67"

yallist@^3.0.0, yallist@^3.0.2:
  version "3.0.2"
  resolved "https://registry.yarnpkg.com/yallist/-/yallist-3.0.2.tgz#8452b4bb7e83c7c188d8041c1a837c773d6d8bb9"

yeast@0.1.2:
  version "0.1.2"
  resolved "https://registry.yarnpkg.com/yeast/-/yeast-0.1.2.tgz#008e06d8094320c372dbc2f8ed76a0ca6c8ac419"
